// !$*UTF8*$!
{
	archiveVersion = 1;
	classes = {
	};
	objectVersion = 50;
	objects = {

/* Begin PBXBuildFile section */
		BEF93D6723F182C100BFE27E /* AppDelegate.swift in Sources */ = {isa = PBXBuildFile; fileRef = BEF93D6623F182C100BFE27E /* AppDelegate.swift */; };
		BEF93D6923F182C100BFE27E /* SceneDelegate.swift in Sources */ = {isa = PBXBuildFile; fileRef = BEF93D6823F182C100BFE27E /* SceneDelegate.swift */; };
		BEF93D6C23F182C100BFE27E /* iSaveMyPlanetBetaTest.xcdatamodeld in Sources */ = {isa = PBXBuildFile; fileRef = BEF93D6A23F182C100BFE27E /* iSaveMyPlanetBetaTest.xcdatamodeld */; };
		BEF93D6E23F182C100BFE27E /* ContentView.swift in Sources */ = {isa = PBXBuildFile; fileRef = BEF93D6D23F182C100BFE27E /* ContentView.swift */; };
		BEF93D7023F182C200BFE27E /* Assets.xcassets in Resources */ = {isa = PBXBuildFile; fileRef = BEF93D6F23F182C200BFE27E /* Assets.xcassets */; };
		BEF93D7323F182C200BFE27E /* Preview Assets.xcassets in Resources */ = {isa = PBXBuildFile; fileRef = BEF93D7223F182C200BFE27E /* Preview Assets.xcassets */; };
		BEF93D7623F182C200BFE27E /* LaunchScreen.storyboard in Resources */ = {isa = PBXBuildFile; fileRef = BEF93D7423F182C200BFE27E /* LaunchScreen.storyboard */; };
		BEF93D8123F182C200BFE27E /* iSaveMyPlanetBetaTestTests.swift in Sources */ = {isa = PBXBuildFile; fileRef = BEF93D8023F182C200BFE27E /* iSaveMyPlanetBetaTestTests.swift */; };
		BEF93D8C23F182C200BFE27E /* iSaveMyPlanetBetaTestUITests.swift in Sources */ = {isa = PBXBuildFile; fileRef = BEF93D8B23F182C200BFE27E /* iSaveMyPlanetBetaTestUITests.swift */; };
/* End PBXBuildFile section */

/* Begin PBXContainerItemProxy section */
		BEF93D7D23F182C200BFE27E /* PBXContainerItemProxy */ = {
			isa = PBXContainerItemProxy;
			containerPortal = BEF93D5B23F182C100BFE27E /* Project object */;
			proxyType = 1;
			remoteGlobalIDString = BEF93D6223F182C100BFE27E;
			remoteInfo = iSaveMyPlanetBetaTest;
		};
		BEF93D8823F182C200BFE27E /* PBXContainerItemProxy */ = {
			isa = PBXContainerItemProxy;
			containerPortal = BEF93D5B23F182C100BFE27E /* Project object */;
			proxyType = 1;
			remoteGlobalIDString = BEF93D6223F182C100BFE27E;
			remoteInfo = iSaveMyPlanetBetaTest;
		};
/* End PBXContainerItemProxy section */

/* Begin PBXFileReference section */
		BEF93D6323F182C100BFE27E /* iSaveMyPlanetBetaTest.app */ = {isa = PBXFileReference; explicitFileType = wrapper.application; includeInIndex = 0; path = iSaveMyPlanetBetaTest.app; sourceTree = BUILT_PRODUCTS_DIR; };
		BEF93D6623F182C100BFE27E /* AppDelegate.swift */ = {isa = PBXFileReference; lastKnownFileType = sourcecode.swift; path = AppDelegate.swift; sourceTree = "<group>"; };
		BEF93D6823F182C100BFE27E /* SceneDelegate.swift */ = {isa = PBXFileReference; lastKnownFileType = sourcecode.swift; path = SceneDelegate.swift; sourceTree = "<group>"; };
		BEF93D6B23F182C100BFE27E /* iSaveMyPlanetBetaTest.xcdatamodel */ = {isa = PBXFileReference; lastKnownFileType = wrapper.xcdatamodel; path = iSaveMyPlanetBetaTest.xcdatamodel; sourceTree = "<group>"; };
		BEF93D6D23F182C100BFE27E /* ContentView.swift */ = {isa = PBXFileReference; lastKnownFileType = sourcecode.swift; path = ContentView.swift; sourceTree = "<group>"; };
		BEF93D6F23F182C200BFE27E /* Assets.xcassets */ = {isa = PBXFileReference; lastKnownFileType = folder.assetcatalog; path = Assets.xcassets; sourceTree = "<group>"; };
		BEF93D7223F182C200BFE27E /* Preview Assets.xcassets */ = {isa = PBXFileReference; lastKnownFileType = folder.assetcatalog; path = "Preview Assets.xcassets"; sourceTree = "<group>"; };
		BEF93D7523F182C200BFE27E /* Base */ = {isa = PBXFileReference; lastKnownFileType = file.storyboard; name = Base; path = Base.lproj/LaunchScreen.storyboard; sourceTree = "<group>"; };
		BEF93D7723F182C200BFE27E /* Info.plist */ = {isa = PBXFileReference; lastKnownFileType = text.plist.xml; path = Info.plist; sourceTree = "<group>"; };
		BEF93D7C23F182C200BFE27E /* iSaveMyPlanetBetaTestTests.xctest */ = {isa = PBXFileReference; explicitFileType = wrapper.cfbundle; includeInIndex = 0; path = iSaveMyPlanetBetaTestTests.xctest; sourceTree = BUILT_PRODUCTS_DIR; };
		BEF93D8023F182C200BFE27E /* iSaveMyPlanetBetaTestTests.swift */ = {isa = PBXFileReference; lastKnownFileType = sourcecode.swift; path = iSaveMyPlanetBetaTestTests.swift; sourceTree = "<group>"; };
		BEF93D8223F182C200BFE27E /* Info.plist */ = {isa = PBXFileReference; lastKnownFileType = text.plist.xml; path = Info.plist; sourceTree = "<group>"; };
		BEF93D8723F182C200BFE27E /* iSaveMyPlanetBetaTestUITests.xctest */ = {isa = PBXFileReference; explicitFileType = wrapper.cfbundle; includeInIndex = 0; path = iSaveMyPlanetBetaTestUITests.xctest; sourceTree = BUILT_PRODUCTS_DIR; };
		BEF93D8B23F182C200BFE27E /* iSaveMyPlanetBetaTestUITests.swift */ = {isa = PBXFileReference; lastKnownFileType = sourcecode.swift; path = iSaveMyPlanetBetaTestUITests.swift; sourceTree = "<group>"; };
		BEF93D8D23F182C200BFE27E /* Info.plist */ = {isa = PBXFileReference; lastKnownFileType = text.plist.xml; path = Info.plist; sourceTree = "<group>"; };
/* End PBXFileReference section */

/* Begin PBXFrameworksBuildPhase section */
		BEF93D6023F182C100BFE27E /* Frameworks */ = {
			isa = PBXFrameworksBuildPhase;
			buildActionMask = 2147483647;
			files = (
			);
			runOnlyForDeploymentPostprocessing = 0;
		};
		BEF93D7923F182C200BFE27E /* Frameworks */ = {
			isa = PBXFrameworksBuildPhase;
			buildActionMask = 2147483647;
			files = (
			);
			runOnlyForDeploymentPostprocessing = 0;
		};
		BEF93D8423F182C200BFE27E /* Frameworks */ = {
			isa = PBXFrameworksBuildPhase;
			buildActionMask = 2147483647;
			files = (
			);
			runOnlyForDeploymentPostprocessing = 0;
		};
/* End PBXFrameworksBuildPhase section */

/* Begin PBXGroup section */
		BEF93D5A23F182C100BFE27E = {
			isa = PBXGroup;
			children = (
				BEF93D6523F182C100BFE27E /* iSaveMyPlanetBetaTest */,
				BEF93D7F23F182C200BFE27E /* iSaveMyPlanetBetaTestTests */,
				BEF93D8A23F182C200BFE27E /* iSaveMyPlanetBetaTestUITests */,
				BEF93D6423F182C100BFE27E /* Products */,
			);
			sourceTree = "<group>";
		};
		BEF93D6423F182C100BFE27E /* Products */ = {
			isa = PBXGroup;
			children = (
				BEF93D6323F182C100BFE27E /* iSaveMyPlanetBetaTest.app */,
				BEF93D7C23F182C200BFE27E /* iSaveMyPlanetBetaTestTests.xctest */,
				BEF93D8723F182C200BFE27E /* iSaveMyPlanetBetaTestUITests.xctest */,
			);
			name = Products;
			sourceTree = "<group>";
		};
		BEF93D6523F182C100BFE27E /* iSaveMyPlanetBetaTest */ = {
			isa = PBXGroup;
			children = (
				BEF93D6623F182C100BFE27E /* AppDelegate.swift */,
				BEF93D6823F182C100BFE27E /* SceneDelegate.swift */,
				BEF93D6D23F182C100BFE27E /* ContentView.swift */,
				BEF93D6F23F182C200BFE27E /* Assets.xcassets */,
				BEF93D7423F182C200BFE27E /* LaunchScreen.storyboard */,
				BEF93D7723F182C200BFE27E /* Info.plist */,
				BEF93D6A23F182C100BFE27E /* iSaveMyPlanetBetaTest.xcdatamodeld */,
				BEF93D7123F182C200BFE27E /* Preview Content */,
			);
			path = iSaveMyPlanetBetaTest;
			sourceTree = "<group>";
		};
		BEF93D7123F182C200BFE27E /* Preview Content */ = {
			isa = PBXGroup;
			children = (
				BEF93D7223F182C200BFE27E /* Preview Assets.xcassets */,
			);
			path = "Preview Content";
			sourceTree = "<group>";
		};
		BEF93D7F23F182C200BFE27E /* iSaveMyPlanetBetaTestTests */ = {
			isa = PBXGroup;
			children = (
				BEF93D8023F182C200BFE27E /* iSaveMyPlanetBetaTestTests.swift */,
				BEF93D8223F182C200BFE27E /* Info.plist */,
			);
			path = iSaveMyPlanetBetaTestTests;
			sourceTree = "<group>";
		};
		BEF93D8A23F182C200BFE27E /* iSaveMyPlanetBetaTestUITests */ = {
			isa = PBXGroup;
			children = (
				BEF93D8B23F182C200BFE27E /* iSaveMyPlanetBetaTestUITests.swift */,
				BEF93D8D23F182C200BFE27E /* Info.plist */,
			);
			path = iSaveMyPlanetBetaTestUITests;
			sourceTree = "<group>";
		};
/* End PBXGroup section */

/* Begin PBXNativeTarget section */
		BEF93D6223F182C100BFE27E /* iSaveMyPlanetBetaTest */ = {
			isa = PBXNativeTarget;
			buildConfigurationList = BEF93D9023F182C200BFE27E /* Build configuration list for PBXNativeTarget "iSaveMyPlanetBetaTest" */;
			buildPhases = (
				BEF93D5F23F182C100BFE27E /* Sources */,
				BEF93D6023F182C100BFE27E /* Frameworks */,
				BEF93D6123F182C100BFE27E /* Resources */,
			);
			buildRules = (
			);
			dependencies = (
			);
			name = iSaveMyPlanetBetaTest;
			productName = iSaveMyPlanetBetaTest;
			productReference = BEF93D6323F182C100BFE27E /* iSaveMyPlanetBetaTest.app */;
			productType = "com.apple.product-type.application";
		};
		BEF93D7B23F182C200BFE27E /* iSaveMyPlanetBetaTestTests */ = {
			isa = PBXNativeTarget;
			buildConfigurationList = BEF93D9323F182C200BFE27E /* Build configuration list for PBXNativeTarget "iSaveMyPlanetBetaTestTests" */;
			buildPhases = (
				BEF93D7823F182C200BFE27E /* Sources */,
				BEF93D7923F182C200BFE27E /* Frameworks */,
				BEF93D7A23F182C200BFE27E /* Resources */,
			);
			buildRules = (
			);
			dependencies = (
				BEF93D7E23F182C200BFE27E /* PBXTargetDependency */,
			);
			name = iSaveMyPlanetBetaTestTests;
			productName = iSaveMyPlanetBetaTestTests;
			productReference = BEF93D7C23F182C200BFE27E /* iSaveMyPlanetBetaTestTests.xctest */;
			productType = "com.apple.product-type.bundle.unit-test";
		};
		BEF93D8623F182C200BFE27E /* iSaveMyPlanetBetaTestUITests */ = {
			isa = PBXNativeTarget;
			buildConfigurationList = BEF93D9623F182C200BFE27E /* Build configuration list for PBXNativeTarget "iSaveMyPlanetBetaTestUITests" */;
			buildPhases = (
				BEF93D8323F182C200BFE27E /* Sources */,
				BEF93D8423F182C200BFE27E /* Frameworks */,
				BEF93D8523F182C200BFE27E /* Resources */,
			);
			buildRules = (
			);
			dependencies = (
				BEF93D8923F182C200BFE27E /* PBXTargetDependency */,
			);
			name = iSaveMyPlanetBetaTestUITests;
			productName = iSaveMyPlanetBetaTestUITests;
			productReference = BEF93D8723F182C200BFE27E /* iSaveMyPlanetBetaTestUITests.xctest */;
			productType = "com.apple.product-type.bundle.ui-testing";
		};
/* End PBXNativeTarget section */

/* Begin PBXProject section */
		BEF93D5B23F182C100BFE27E /* Project object */ = {
			isa = PBXProject;
			attributes = {
				LastSwiftUpdateCheck = 1130;
				LastUpgradeCheck = 1130;
				ORGANIZATIONNAME = "TURPIN Christophe";
				TargetAttributes = {
					BEF93D6223F182C100BFE27E = {
						CreatedOnToolsVersion = 11.3.1;
					};
					BEF93D7B23F182C200BFE27E = {
						CreatedOnToolsVersion = 11.3.1;
						TestTargetID = BEF93D6223F182C100BFE27E;
					};
					BEF93D8623F182C200BFE27E = {
						CreatedOnToolsVersion = 11.3.1;
						TestTargetID = BEF93D6223F182C100BFE27E;
					};
				};
			};
			buildConfigurationList = BEF93D5E23F182C100BFE27E /* Build configuration list for PBXProject "iSaveMyPlanetBetaTest" */;
			compatibilityVersion = "Xcode 9.3";
			developmentRegion = en;
			hasScannedForEncodings = 0;
			knownRegions = (
				en,
				Base,
			);
			mainGroup = BEF93D5A23F182C100BFE27E;
			productRefGroup = BEF93D6423F182C100BFE27E /* Products */;
			projectDirPath = "";
			projectRoot = "";
			targets = (
				BEF93D6223F182C100BFE27E /* iSaveMyPlanetBetaTest */,
				BEF93D7B23F182C200BFE27E /* iSaveMyPlanetBetaTestTests */,
				BEF93D8623F182C200BFE27E /* iSaveMyPlanetBetaTestUITests */,
			);
		};
/* End PBXProject section */

/* Begin PBXResourcesBuildPhase section */
		BEF93D6123F182C100BFE27E /* Resources */ = {
			isa = PBXResourcesBuildPhase;
			buildActionMask = 2147483647;
			files = (
				BEF93D7623F182C200BFE27E /* LaunchScreen.storyboard in Resources */,
				BEF93D7323F182C200BFE27E /* Preview Assets.xcassets in Resources */,
				BEF93D7023F182C200BFE27E /* Assets.xcassets in Resources */,
			);
			runOnlyForDeploymentPostprocessing = 0;
		};
		BEF93D7A23F182C200BFE27E /* Resources */ = {
			isa = PBXResourcesBuildPhase;
			buildActionMask = 2147483647;
			files = (
			);
			runOnlyForDeploymentPostprocessing = 0;
		};
		BEF93D8523F182C200BFE27E /* Resources */ = {
			isa = PBXResourcesBuildPhase;
			buildActionMask = 2147483647;
			files = (
			);
			runOnlyForDeploymentPostprocessing = 0;
		};
/* End PBXResourcesBuildPhase section */

/* Begin PBXSourcesBuildPhase section */
		BEF93D5F23F182C100BFE27E /* Sources */ = {
			isa = PBXSourcesBuildPhase;
			buildActionMask = 2147483647;
			files = (
				BEF93D6723F182C100BFE27E /* AppDelegate.swift in Sources */,
				BEF93D6C23F182C100BFE27E /* iSaveMyPlanetBetaTest.xcdatamodeld in Sources */,
				BEF93D6E23F182C100BFE27E /* ContentView.swift in Sources */,
				BEF93D6923F182C100BFE27E /* SceneDelegate.swift in Sources */,
			);
			runOnlyForDeploymentPostprocessing = 0;
		};
		BEF93D7823F182C200BFE27E /* Sources */ = {
			isa = PBXSourcesBuildPhase;
			buildActionMask = 2147483647;
			files = (
				BEF93D8123F182C200BFE27E /* iSaveMyPlanetBetaTestTests.swift in Sources */,
			);
			runOnlyForDeploymentPostprocessing = 0;
		};
		BEF93D8323F182C200BFE27E /* Sources */ = {
			isa = PBXSourcesBuildPhase;
			buildActionMask = 2147483647;
			files = (
				BEF93D8C23F182C200BFE27E /* iSaveMyPlanetBetaTestUITests.swift in Sources */,
			);
			runOnlyForDeploymentPostprocessing = 0;
		};
/* End PBXSourcesBuildPhase section */

/* Begin PBXTargetDependency section */
		BEF93D7E23F182C200BFE27E /* PBXTargetDependency */ = {
			isa = PBXTargetDependency;
			target = BEF93D6223F182C100BFE27E /* iSaveMyPlanetBetaTest */;
			targetProxy = BEF93D7D23F182C200BFE27E /* PBXContainerItemProxy */;
		};
		BEF93D8923F182C200BFE27E /* PBXTargetDependency */ = {
			isa = PBXTargetDependency;
			target = BEF93D6223F182C100BFE27E /* iSaveMyPlanetBetaTest */;
			targetProxy = BEF93D8823F182C200BFE27E /* PBXContainerItemProxy */;
		};
/* End PBXTargetDependency section */

/* Begin PBXVariantGroup section */
		BEF93D7423F182C200BFE27E /* LaunchScreen.storyboard */ = {
			isa = PBXVariantGroup;
			children = (
				BEF93D7523F182C200BFE27E /* Base */,
			);
			name = LaunchScreen.storyboard;
			sourceTree = "<group>";
		};
/* End PBXVariantGroup section */

/* Begin XCBuildConfiguration section */
		BEF93D8E23F182C200BFE27E /* Debug */ = {
			isa = XCBuildConfiguration;
			buildSettings = {
				ALWAYS_SEARCH_USER_PATHS = NO;
				CLANG_ANALYZER_NONNULL = YES;
				CLANG_ANALYZER_NUMBER_OBJECT_CONVERSION = YES_AGGRESSIVE;
				CLANG_CXX_LANGUAGE_STANDARD = "gnu++14";
				CLANG_CXX_LIBRARY = "libc++";
				CLANG_ENABLE_MODULES = YES;
				CLANG_ENABLE_OBJC_ARC = YES;
				CLANG_ENABLE_OBJC_WEAK = YES;
				CLANG_WARN_BLOCK_CAPTURE_AUTORELEASING = YES;
				CLANG_WARN_BOOL_CONVERSION = YES;
				CLANG_WARN_COMMA = YES;
				CLANG_WARN_CONSTANT_CONVERSION = YES;
				CLANG_WARN_DEPRECATED_OBJC_IMPLEMENTATIONS = YES;
				CLANG_WARN_DIRECT_OBJC_ISA_USAGE = YES_ERROR;
				CLANG_WARN_DOCUMENTATION_COMMENTS = YES;
				CLANG_WARN_EMPTY_BODY = YES;
				CLANG_WARN_ENUM_CONVERSION = YES;
				CLANG_WARN_INFINITE_RECURSION = YES;
				CLANG_WARN_INT_CONVERSION = YES;
				CLANG_WARN_NON_LITERAL_NULL_CONVERSION = YES;
				CLANG_WARN_OBJC_IMPLICIT_RETAIN_SELF = YES;
				CLANG_WARN_OBJC_LITERAL_CONVERSION = YES;
				CLANG_WARN_OBJC_ROOT_CLASS = YES_ERROR;
				CLANG_WARN_RANGE_LOOP_ANALYSIS = YES;
				CLANG_WARN_STRICT_PROTOTYPES = YES;
				CLANG_WARN_SUSPICIOUS_MOVE = YES;
				CLANG_WARN_UNGUARDED_AVAILABILITY = YES_AGGRESSIVE;
				CLANG_WARN_UNREACHABLE_CODE = YES;
				CLANG_WARN__DUPLICATE_METHOD_MATCH = YES;
				COPY_PHASE_STRIP = NO;
				DEBUG_INFORMATION_FORMAT = dwarf;
				ENABLE_STRICT_OBJC_MSGSEND = YES;
				ENABLE_TESTABILITY = YES;
				GCC_C_LANGUAGE_STANDARD = gnu11;
				GCC_DYNAMIC_NO_PIC = NO;
				GCC_NO_COMMON_BLOCKS = YES;
				GCC_OPTIMIZATION_LEVEL = 0;
				GCC_PREPROCESSOR_DEFINITIONS = (
					"DEBUG=1",
					"$(inherited)",
				);
				GCC_WARN_64_TO_32_BIT_CONVERSION = YES;
				GCC_WARN_ABOUT_RETURN_TYPE = YES_ERROR;
				GCC_WARN_UNDECLARED_SELECTOR = YES;
				GCC_WARN_UNINITIALIZED_AUTOS = YES_AGGRESSIVE;
				GCC_WARN_UNUSED_FUNCTION = YES;
				GCC_WARN_UNUSED_VARIABLE = YES;
				IPHONEOS_DEPLOYMENT_TARGET = 13.2;
				MTL_ENABLE_DEBUG_INFO = INCLUDE_SOURCE;
				MTL_FAST_MATH = YES;
				ONLY_ACTIVE_ARCH = YES;
				SDKROOT = iphoneos;
				SWIFT_ACTIVE_COMPILATION_CONDITIONS = DEBUG;
				SWIFT_OPTIMIZATION_LEVEL = "-Onone";
			};
			name = Debug;
		};
		BEF93D8F23F182C200BFE27E /* Release */ = {
			isa = XCBuildConfiguration;
			buildSettings = {
				ALWAYS_SEARCH_USER_PATHS = NO;
				CLANG_ANALYZER_NONNULL = YES;
				CLANG_ANALYZER_NUMBER_OBJECT_CONVERSION = YES_AGGRESSIVE;
				CLANG_CXX_LANGUAGE_STANDARD = "gnu++14";
				CLANG_CXX_LIBRARY = "libc++";
				CLANG_ENABLE_MODULES = YES;
				CLANG_ENABLE_OBJC_ARC = YES;
				CLANG_ENABLE_OBJC_WEAK = YES;
				CLANG_WARN_BLOCK_CAPTURE_AUTORELEASING = YES;
				CLANG_WARN_BOOL_CONVERSION = YES;
				CLANG_WARN_COMMA = YES;
				CLANG_WARN_CONSTANT_CONVERSION = YES;
				CLANG_WARN_DEPRECATED_OBJC_IMPLEMENTATIONS = YES;
				CLANG_WARN_DIRECT_OBJC_ISA_USAGE = YES_ERROR;
				CLANG_WARN_DOCUMENTATION_COMMENTS = YES;
				CLANG_WARN_EMPTY_BODY = YES;
				CLANG_WARN_ENUM_CONVERSION = YES;
				CLANG_WARN_INFINITE_RECURSION = YES;
				CLANG_WARN_INT_CONVERSION = YES;
				CLANG_WARN_NON_LITERAL_NULL_CONVERSION = YES;
				CLANG_WARN_OBJC_IMPLICIT_RETAIN_SELF = YES;
				CLANG_WARN_OBJC_LITERAL_CONVERSION = YES;
				CLANG_WARN_OBJC_ROOT_CLASS = YES_ERROR;
				CLANG_WARN_RANGE_LOOP_ANALYSIS = YES;
				CLANG_WARN_STRICT_PROTOTYPES = YES;
				CLANG_WARN_SUSPICIOUS_MOVE = YES;
				CLANG_WARN_UNGUARDED_AVAILABILITY = YES_AGGRESSIVE;
				CLANG_WARN_UNREACHABLE_CODE = YES;
				CLANG_WARN__DUPLICATE_METHOD_MATCH = YES;
				COPY_PHASE_STRIP = NO;
				DEBUG_INFORMATION_FORMAT = "dwarf-with-dsym";
				ENABLE_NS_ASSERTIONS = NO;
				ENABLE_STRICT_OBJC_MSGSEND = YES;
				GCC_C_LANGUAGE_STANDARD = gnu11;
				GCC_NO_COMMON_BLOCKS = YES;
				GCC_WARN_64_TO_32_BIT_CONVERSION = YES;
				GCC_WARN_ABOUT_RETURN_TYPE = YES_ERROR;
				GCC_WARN_UNDECLARED_SELECTOR = YES;
				GCC_WARN_UNINITIALIZED_AUTOS = YES_AGGRESSIVE;
				GCC_WARN_UNUSED_FUNCTION = YES;
				GCC_WARN_UNUSED_VARIABLE = YES;
				IPHONEOS_DEPLOYMENT_TARGET = 13.2;
				MTL_ENABLE_DEBUG_INFO = NO;
				MTL_FAST_MATH = YES;
				SDKROOT = iphoneos;
				SWIFT_COMPILATION_MODE = wholemodule;
				SWIFT_OPTIMIZATION_LEVEL = "-O";
				VALIDATE_PRODUCT = YES;
			};
			name = Release;
		};
		BEF93D9123F182C200BFE27E /* Debug */ = {
			isa = XCBuildConfiguration;
			buildSettings = {
				ASSETCATALOG_COMPILER_APPICON_NAME = AppIcon;
				CODE_SIGN_STYLE = Automatic;
				DEVELOPMENT_ASSET_PATHS = "\"iSaveMyPlanetBetaTest/Preview Content\"";
				DEVELOPMENT_TEAM = NF47JV4WRY;
				ENABLE_PREVIEWS = YES;
				INFOPLIST_FILE = iSaveMyPlanetBetaTest/Info.plist;
				LD_RUNPATH_SEARCH_PATHS = (
					"$(inherited)",
					"@executable_path/Frameworks",
				);
				PRODUCT_BUNDLE_IDENTIFIER = com.myFirstUiDay.iSaveMyPlanetBetaTest;
				PRODUCT_NAME = "$(TARGET_NAME)";
				SWIFT_VERSION = 5.0;
				TARGETED_DEVICE_FAMILY = "1,2";
			};
			name = Debug;
		};
		BEF93D9223F182C200BFE27E /* Release */ = {
			isa = XCBuildConfiguration;
			buildSettings = {
				ASSETCATALOG_COMPILER_APPICON_NAME = AppIcon;
				CODE_SIGN_STYLE = Automatic;
				DEVELOPMENT_ASSET_PATHS = "\"iSaveMyPlanetBetaTest/Preview Content\"";
				DEVELOPMENT_TEAM = NF47JV4WRY;
				ENABLE_PREVIEWS = YES;
				INFOPLIST_FILE = iSaveMyPlanetBetaTest/Info.plist;
				LD_RUNPATH_SEARCH_PATHS = (
					"$(inherited)",
					"@executable_path/Frameworks",
				);
				PRODUCT_BUNDLE_IDENTIFIER = com.myFirstUiDay.iSaveMyPlanetBetaTest;
				PRODUCT_NAME = "$(TARGET_NAME)";
				SWIFT_VERSION = 5.0;
				TARGETED_DEVICE_FAMILY = "1,2";
			};
			name = Release;
		};
		BEF93D9423F182C200BFE27E /* Debug */ = {
			isa = XCBuildConfiguration;
			buildSettings = {
				ALWAYS_EMBED_SWIFT_STANDARD_LIBRARIES = YES;
				BUNDLE_LOADER = "$(TEST_HOST)";
				CODE_SIGN_STYLE = Automatic;
				DEVELOPMENT_TEAM = NF47JV4WRY;
				INFOPLIST_FILE = iSaveMyPlanetBetaTestTests/Info.plist;
				IPHONEOS_DEPLOYMENT_TARGET = 13.2;
				LD_RUNPATH_SEARCH_PATHS = (
					"$(inherited)",
					"@executable_path/Frameworks",
					"@loader_path/Frameworks",
				);
				PRODUCT_BUNDLE_IDENTIFIER = com.myFirstUiDay.iSaveMyPlanetBetaTestTests;
				PRODUCT_NAME = "$(TARGET_NAME)";
				SWIFT_VERSION = 5.0;
				TARGETED_DEVICE_FAMILY = "1,2";
				TEST_HOST = "$(BUILT_PRODUCTS_DIR)/iSaveMyPlanetBetaTest.app/iSaveMyPlanetBetaTest";
			};
			name = Debug;
		};
		BEF93D9523F182C200BFE27E /* Release */ = {
			isa = XCBuildConfiguration;
			buildSettings = {
				ALWAYS_EMBED_SWIFT_STANDARD_LIBRARIES = YES;
				BUNDLE_LOADER = "$(TEST_HOST)";
				CODE_SIGN_STYLE = Automatic;
				DEVELOPMENT_TEAM = NF47JV4WRY;
				INFOPLIST_FILE = iSaveMyPlanetBetaTestTests/Info.plist;
				IPHONEOS_DEPLOYMENT_TARGET = 13.2;
				LD_RUNPATH_SEARCH_PATHS = (
					"$(inherited)",
					"@executable_path/Frameworks",
					"@loader_path/Frameworks",
				);
				PRODUCT_BUNDLE_IDENTIFIER = com.myFirstUiDay.iSaveMyPlanetBetaTestTests;
				PRODUCT_NAME = "$(TARGET_NAME)";
				SWIFT_VERSION = 5.0;
				TARGETED_DEVICE_FAMILY = "1,2";
				TEST_HOST = "$(BUILT_PRODUCTS_DIR)/iSaveMyPlanetBetaTest.app/iSaveMyPlanetBetaTest";
			};
			name = Release;
		};
		BEF93D9723F182C200BFE27E /* Debug */ = {
			isa = XCBuildConfiguration;
			buildSettings = {
				ALWAYS_EMBED_SWIFT_STANDARD_LIBRARIES = YES;
				CODE_SIGN_STYLE = Automatic;
				DEVELOPMENT_TEAM = NF47JV4WRY;
				INFOPLIST_FILE = iSaveMyPlanetBetaTestUITests/Info.plist;
				LD_RUNPATH_SEARCH_PATHS = (
					"$(inherited)",
					"@executable_path/Frameworks",
					"@loader_path/Frameworks",
				);
				PRODUCT_BUNDLE_IDENTIFIER = com.myFirstUiDay.iSaveMyPlanetBetaTestUITests;
				PRODUCT_NAME = "$(TARGET_NAME)";
				SWIFT_VERSION = 5.0;
				TARGETED_DEVICE_FAMILY = "1,2";
				TEST_TARGET_NAME = iSaveMyPlanetBetaTest;
			};
			name = Debug;
		};
		BEF93D9823F182C200BFE27E /* Release */ = {
			isa = XCBuildConfiguration;
			buildSettings = {
				ALWAYS_EMBED_SWIFT_STANDARD_LIBRARIES = YES;
				CODE_SIGN_STYLE = Automatic;
				DEVELOPMENT_TEAM = NF47JV4WRY;
				INFOPLIST_FILE = iSaveMyPlanetBetaTestUITests/Info.plist;
				LD_RUNPATH_SEARCH_PATHS = (
					"$(inherited)",
					"@executable_path/Frameworks",
					"@loader_path/Frameworks",
				);
				PRODUCT_BUNDLE_IDENTIFIER = com.myFirstUiDay.iSaveMyPlanetBetaTestUITests;
				PRODUCT_NAME = "$(TARGET_NAME)";
				SWIFT_VERSION = 5.0;
				TARGETED_DEVICE_FAMILY = "1,2";
				TEST_TARGET_NAME = iSaveMyPlanetBetaTest;
			};
			name = Release;
		};
/* End XCBuildConfiguration section */

/* Begin XCConfigurationList section */
		BEF93D5E23F182C100BFE27E /* Build configuration list for PBXProject "iSaveMyPlanetBetaTest" */ = {
			isa = XCConfigurationList;
			buildConfigurations = (
				BEF93D8E23F182C200BFE27E /* Debug */,
				BEF93D8F23F182C200BFE27E /* Release */,
			);
			defaultConfigurationIsVisible = 0;
			defaultConfigurationName = Release;
		};
		BEF93D9023F182C200BFE27E /* Build configuration list for PBXNativeTarget "iSaveMyPlanetBetaTest" */ = {
			isa = XCConfigurationList;
			buildConfigurations = (
				BEF93D9123F182C200BFE27E /* Debug */,
				BEF93D9223F182C200BFE27E /* Release */,
			);
			defaultConfigurationIsVisible = 0;
			defaultConfigurationName = Release;
		};
		BEF93D9323F182C200BFE27E /* Build configuration list for PBXNativeTarget "iSaveMyPlanetBetaTestTests" */ = {
			isa = XCConfigurationList;
			buildConfigurations = (
				BEF93D9423F182C200BFE27E /* Debug */,
				BEF93D9523F182C200BFE27E /* Release */,
			);
			defaultConfigurationIsVisible = 0;
			defaultConfigurationName = Release;
		};
		BEF93D9623F182C200BFE27E /* Build configuration list for PBXNativeTarget "iSaveMyPlanetBetaTestUITests" */ = {
			isa = XCConfigurationList;
			buildConfigurations = (
				BEF93D9723F182C200BFE27E /* Debug */,
				BEF93D9823F182C200BFE27E /* Release */,
			);
			defaultConfigurationIsVisible = 0;
			defaultConfigurationName = Release;
		};
/* End XCConfigurationList section */

/* Begin XCVersionGroup section */
		BEF93D6A23F182C100BFE27E /* iSaveMyPlanetBetaTest.xcdatamodeld */ = {
			isa = XCVersionGroup;
			children = (
				BEF93D6B23F182C100BFE27E /* iSaveMyPlanetBetaTest.xcdatamodel */,
			);
			currentVersion = BEF93D6B23F182C100BFE27E /* iSaveMyPlanetBetaTest.xcdatamodel */;
			path = iSaveMyPlanetBetaTest.xcdatamodeld;
			sourceTree = "<group>";
			versionGroupType = wrapper.xcdatamodel;
		};
/* End XCVersionGroup section */
	};
	rootObject = BEF93D5B23F182C100BFE27E /* Project object */;
}
